
Microsoft Visual Studio Solution File, Format Version 12.00
# Visual Studio Version 16
VisualStudioVersion = 16.0.30114.105
MinimumVisualStudioVersion = 10.0.40219.1
Project("{FAE04EC0-301F-11D3-BF4B-00C04F79EFBC}") = "SpinWords", "SpinWords\SpinWords.csproj", "{24323CF9-D115-40D5-828B-31AAD13168DF}"
EndProject
Global
	GlobalSection(SolutionConfigurationPlatforms) = preSolution
		Debug|Any CPU = Debug|Any CPU
		Release|Any CPU = Release|Any CPU
	EndGlobalSection
	GlobalSection(ProjectConfigurationPlatforms) = postSolution
		{24323CF9-D115-40D5-828B-31AAD13168DF}.Debug|Any CPU.ActiveCfg = Debug|Any CPU
		{24323CF9-D115-40D5-828B-31AAD13168DF}.Debug|Any CPU.Build.0 = Debug|Any CPU
		{24323CF9-D115-40D5-828B-31AAD13168DF}.Release|Any CPU.ActiveCfg = Release|Any CPU
		{24323CF9-D115-40D5-828B-31AAD13168DF}.Release|Any CPU.Build.0 = Release|Any CPU
	EndGlobalSection
	GlobalSection(SolutionProperties) = preSolution
		HideSolutionNode = FALSE
	EndGlobalSection
	GlobalSection(ExtensibilityGlobals) = postSolution
		SolutionGuid = {3CCDA5E3-8153-4D1A-81FC-CE4F2A366834}
	EndGlobalSection
EndGlobal
